{
    "_meta": {
        "hash": {
            "sha256": "81f0a9193cd08f45fa25b74a5f10ae767da035905f214982b3dde8670c9da919"
        },
        "host-environment-markers": {
            "implementation_name": "cpython",
            "implementation_version": "3.7.0a4",
            "os_name": "posix",
            "platform_machine": "x86_64",
            "platform_python_implementation": "CPython",
            "platform_release": "4.14.0-3-amd64",
            "platform_system": "Linux",
            "platform_version": "#1 SMP Debian 4.14.12-2 (2018-01-06)",
            "python_full_version": "3.7.0a4",
            "python_version": "3.7",
            "sys_platform": "linux"
        },
        "pipfile-spec": 6,
        "requires": {},
        "sources": [
            {
                "name": "pypi",
                "url": "https://pypi.python.org/simple",
                "verify_ssl": true
            }
        ]
    },
    "default": {
        "jinja2": {
            "hashes": [
                "sha256:74c935a1b8bb9a3947c50a54766a969d4846290e1e788ea44c1392163723c3bd",
                "sha256:f84be1bb0040caca4cea721fcbbbbd61f9be9464ca236387158b0feea01914a4"
            ],
            "version": "==2.10"
        },
        "markupsafe": {
            "hashes": [
                "sha256:a6be69091dac236ea9c6bc7d012beab42010fa914c459791d627dad4910eb665"
            ],
            "version": "==1.0"
        }
    },
    "develop": {}
}
